// !$*UTF8*$!
{
	archiveVersion = 1;
	classes = {
	};
	objectVersion = 55;
	objects = {

/* Begin PBXBuildFile section */
		6D408AAE2871F28A0042FD2C /* FifthViewController.m in Sources */ = {isa = PBXBuildFile; fileRef = 6D408AAD2871F28A0042FD2C /* FifthViewController.m */; };
		6D408AB12871F2A00042FD2C /* SixthViewController.m in Sources */ = {isa = PBXBuildFile; fileRef = 6D408AB02871F2A00042FD2C /* SixthViewController.m */; };
		6D408AB3287219140042FD2C /* QuartzCore.framework in Frameworks */ = {isa = PBXBuildFile; fileRef = 6D408AB2287219140042FD2C /* QuartzCore.framework */; };
		6D408AB528722A960042FD2C /* Images.xcassets in Resources */ = {isa = PBXBuildFile; fileRef = 6D408AB428722A960042FD2C /* Images.xcassets */; };
		6DC4AA272870EDDA002A299A /* AppDelegate.m in Sources */ = {isa = PBXBuildFile; fileRef = 6DC4AA262870EDDA002A299A /* AppDelegate.m */; };
		6DC4AA2A2870EDDA002A299A /* SceneDelegate.m in Sources */ = {isa = PBXBuildFile; fileRef = 6DC4AA292870EDDA002A299A /* SceneDelegate.m */; };
		6DC4AA2D2870EDDA002A299A /* ViewController.m in Sources */ = {isa = PBXBuildFile; fileRef = 6DC4AA2C2870EDDA002A299A /* ViewController.m */; };
		6DC4AA302870EDDA002A299A /* Main.storyboard in Resources */ = {isa = PBXBuildFile; fileRef = 6DC4AA2E2870EDDA002A299A /* Main.storyboard */; };
		6DC4AA322870EDDA002A299A /* Assets.xcassets in Resources */ = {isa = PBXBuildFile; fileRef = 6DC4AA312870EDDA002A299A /* Assets.xcassets */; };
		6DC4AA352870EDDA002A299A /* LaunchScreen.storyboard in Resources */ = {isa = PBXBuildFile; fileRef = 6DC4AA332870EDDA002A299A /* LaunchScreen.storyboard */; };
		6DC4AA382870EDDA002A299A /* main.m in Sources */ = {isa = PBXBuildFile; fileRef = 6DC4AA372870EDDA002A299A /* main.m */; };
		6DC4AA402871204F002A299A /* SecondViewController.m in Sources */ = {isa = PBXBuildFile; fileRef = 6DC4AA3F2871204F002A299A /* SecondViewController.m */; };
		6DC4AA4328712061002A299A /* ThirdViewController.m in Sources */ = {isa = PBXBuildFile; fileRef = 6DC4AA4228712061002A299A /* ThirdViewController.m */; };
		6DC4AA4728712424002A299A /* FourthViewController.m in Sources */ = {isa = PBXBuildFile; fileRef = 6DC4AA4528712424002A299A /* FourthViewController.m */; };
		6DC4AA4828712424002A299A /* FourthViewController.xib in Resources */ = {isa = PBXBuildFile; fileRef = 6DC4AA4628712424002A299A /* FourthViewController.xib */; };
		6DC4AA4B28714EC1002A299A /* WebKit.framework in Frameworks */ = {isa = PBXBuildFile; fileRef = 6DC4AA4A28714EC1002A299A /* WebKit.framework */; };
/* End PBXBuildFile section */

/* Begin PBXFileReference section */
		6D408AAC2871F28A0042FD2C /* FifthViewController.h */ = {isa = PBXFileReference; lastKnownFileType = sourcecode.c.h; path = FifthViewController.h; sourceTree = "<group>"; };
		6D408AAD2871F28A0042FD2C /* FifthViewController.m */ = {isa = PBXFileReference; lastKnownFileType = sourcecode.c.objc; path = FifthViewController.m; sourceTree = "<group>"; };
		6D408AAF2871F2A00042FD2C /* SixthViewController.h */ = {isa = PBXFileReference; lastKnownFileType = sourcecode.c.h; path = SixthViewController.h; sourceTree = "<group>"; };
		6D408AB02871F2A00042FD2C /* SixthViewController.m */ = {isa = PBXFileReference; lastKnownFileType = sourcecode.c.objc; path = SixthViewController.m; sourceTree = "<group>"; };
		6D408AB2287219140042FD2C /* QuartzCore.framework */ = {isa = PBXFileReference; lastKnownFileType = wrapper.framework; name = QuartzCore.framework; path = System/Library/Frameworks/QuartzCore.framework; sourceTree = SDKROOT; };
		6D408AB428722A960042FD2C /* Images.xcassets */ = {isa = PBXFileReference; lastKnownFileType = folder.assetcatalog; name = Images.xcassets; path = ../Images.xcassets; sourceTree = "<group>"; };
		6DC4AA222870EDDA002A299A /* CCW.app */ = {isa = PBXFileReference; explicitFileType = wrapper.application; includeInIndex = 0; path = CCW.app; sourceTree = BUILT_PRODUCTS_DIR; };
		6DC4AA252870EDDA002A299A /* AppDelegate.h */ = {isa = PBXFileReference; lastKnownFileType = sourcecode.c.h; path = AppDelegate.h; sourceTree = "<group>"; };
		6DC4AA262870EDDA002A299A /* AppDelegate.m */ = {isa = PBXFileReference; lastKnownFileType = sourcecode.c.objc; path = AppDelegate.m; sourceTree = "<group>"; };
		6DC4AA282870EDDA002A299A /* SceneDelegate.h */ = {isa = PBXFileReference; lastKnownFileType = sourcecode.c.h; path = SceneDelegate.h; sourceTree = "<group>"; };
		6DC4AA292870EDDA002A299A /* SceneDelegate.m */ = {isa = PBXFileReference; lastKnownFileType = sourcecode.c.objc; path = SceneDelegate.m; sourceTree = "<group>"; };
		6DC4AA2B2870EDDA002A299A /* ViewController.h */ = {isa = PBXFileReference; lastKnownFileType = sourcecode.c.h; path = ViewController.h; sourceTree = "<group>"; };
		6DC4AA2C2870EDDA002A299A /* ViewController.m */ = {isa = PBXFileReference; lastKnownFileType = sourcecode.c.objc; path = ViewController.m; sourceTree = "<group>"; };
		6DC4AA2F2870EDDA002A299A /* Base */ = {isa = PBXFileReference; lastKnownFileType = file.storyboard; name = Base; path = Base.lproj/Main.storyboard; sourceTree = "<group>"; };
		6DC4AA312870EDDA002A299A /* Assets.xcassets */ = {isa = PBXFileReference; lastKnownFileType = folder.assetcatalog; path = Assets.xcassets; sourceTree = "<group>"; };
		6DC4AA342870EDDA002A299A /* Base */ = {isa = PBXFileReference; lastKnownFileType = file.storyboard; name = Base; path = Base.lproj/LaunchScreen.storyboard; sourceTree = "<group>"; };
		6DC4AA362870EDDA002A299A /* Info.plist */ = {isa = PBXFileReference; lastKnownFileType = text.plist.xml; path = Info.plist; sourceTree = "<group>"; };
		6DC4AA372870EDDA002A299A /* main.m */ = {isa = PBXFileReference; lastKnownFileType = sourcecode.c.objc; path = main.m; sourceTree = "<group>"; };
		6DC4AA3E2871204F002A299A /* SecondViewController.h */ = {isa = PBXFileReference; lastKnownFileType = sourcecode.c.h; path = SecondViewController.h; sourceTree = "<group>"; };
		6DC4AA3F2871204F002A299A /* SecondViewController.m */ = {isa = PBXFileReference; lastKnownFileType = sourcecode.c.objc; path = SecondViewController.m; sourceTree = "<group>"; };
		6DC4AA4128712061002A299A /* ThirdViewController.h */ = {isa = PBXFileReference; lastKnownFileType = sourcecode.c.h; path = ThirdViewController.h; sourceTree = "<group>"; };
		6DC4AA4228712061002A299A /* ThirdViewController.m */ = {isa = PBXFileReference; lastKnownFileType = sourcecode.c.objc; path = ThirdViewController.m; sourceTree = "<group>"; };
		6DC4AA4428712424002A299A /* FourthViewController.h */ = {isa = PBXFileReference; lastKnownFileType = sourcecode.c.h; path = FourthViewController.h; sourceTree = "<group>"; };
		6DC4AA4528712424002A299A /* FourthViewController.m */ = {isa = PBXFileReference; lastKnownFileType = sourcecode.c.objc; path = FourthViewController.m; sourceTree = "<group>"; };
		6DC4AA4628712424002A299A /* FourthViewController.xib */ = {isa = PBXFileReference; lastKnownFileType = file.xib; path = FourthViewController.xib; sourceTree = "<group>"; };
		6DC4AA4A28714EC1002A299A /* WebKit.framework */ = {isa = PBXFileReference; lastKnownFileType = wrapper.framework; name = WebKit.framework; path = System/Library/Frameworks/WebKit.framework; sourceTree = SDKROOT; };
/* End PBXFileReference section */

/* Begin PBXFrameworksBuildPhase section */
		6DC4AA1F2870EDDA002A299A /* Frameworks */ = {
			isa = PBXFrameworksBuildPhase;
			buildActionMask = 2147483647;
			files = (
				6D408AB3287219140042FD2C /* QuartzCore.framework in Frameworks */,
				6DC4AA4B28714EC1002A299A /* WebKit.framework in Frameworks */,
			);
			runOnlyForDeploymentPostprocessing = 0;
		};
/* End PBXFrameworksBuildPhase section */

/* Begin PBXGroup section */
		6DC4AA192870EDDA002A299A = {
			isa = PBXGroup;
			children = (
				6DC4AA242870EDDA002A299A /* CCW app */,
				6DC4AA232870EDDA002A299A /* Products */,
				6DC4AA4928714EC1002A299A /* Frameworks */,
			);
			sourceTree = "<group>";
		};
		6DC4AA232870EDDA002A299A /* Products */ = {
			isa = PBXGroup;
			children = (
				6DC4AA222870EDDA002A299A /* CCW.app */,
			);
			name = Products;
			sourceTree = "<group>";
		};
		6DC4AA242870EDDA002A299A /* CCW app */ = {
			isa = PBXGroup;
			children = (
				6DC4AA252870EDDA002A299A /* AppDelegate.h */,
				6DC4AA262870EDDA002A299A /* AppDelegate.m */,
				6DC4AA282870EDDA002A299A /* SceneDelegate.h */,
				6DC4AA292870EDDA002A299A /* SceneDelegate.m */,
				6DC4AA2B2870EDDA002A299A /* ViewController.h */,
				6DC4AA2C2870EDDA002A299A /* ViewController.m */,
				6DC4AA2E2870EDDA002A299A /* Main.storyboard */,
				6DC4AA312870EDDA002A299A /* Assets.xcassets */,
				6DC4AA332870EDDA002A299A /* LaunchScreen.storyboard */,
				6DC4AA362870EDDA002A299A /* Info.plist */,
				6DC4AA372870EDDA002A299A /* main.m */,
				6DC4AA3E2871204F002A299A /* SecondViewController.h */,
				6DC4AA3F2871204F002A299A /* SecondViewController.m */,
				6DC4AA4128712061002A299A /* ThirdViewController.h */,
				6DC4AA4228712061002A299A /* ThirdViewController.m */,
				6DC4AA4428712424002A299A /* FourthViewController.h */,
				6DC4AA4528712424002A299A /* FourthViewController.m */,
				6DC4AA4628712424002A299A /* FourthViewController.xib */,
				6D408AAC2871F28A0042FD2C /* FifthViewController.h */,
				6D408AAD2871F28A0042FD2C /* FifthViewController.m */,
				6D408AAF2871F2A00042FD2C /* SixthViewController.h */,
				6D408AB02871F2A00042FD2C /* SixthViewController.m */,
			);
			path = "CCW app";
			sourceTree = "<group>";
		};
		6DC4AA4928714EC1002A299A /* Frameworks */ = {
			isa = PBXGroup;
			children = (
				6D408AB428722A960042FD2C /* Images.xcassets */,
				6D408AB2287219140042FD2C /* QuartzCore.framework */,
				6DC4AA4A28714EC1002A299A /* WebKit.framework */,
			);
			name = Frameworks;
			sourceTree = "<group>";
		};
/* End PBXGroup section */

/* Begin PBXNativeTarget section */
		6DC4AA212870EDDA002A299A /* CCW */ = {
			isa = PBXNativeTarget;
			buildConfigurationList = 6DC4AA3B2870EDDA002A299A /* Build configuration list for PBXNativeTarget "CCW" */;
			buildPhases = (
				6DC4AA1E2870EDDA002A299A /* Sources */,
				6DC4AA1F2870EDDA002A299A /* Frameworks */,
				6DC4AA202870EDDA002A299A /* Resources */,
			);
			buildRules = (
			);
			dependencies = (
			);
			name = CCW;
			productName = stackViews;
			productReference = 6DC4AA222870EDDA002A299A /* CCW.app */;
			productType = "com.apple.product-type.application";
		};
/* End PBXNativeTarget section */

/* Begin PBXProject section */
		6DC4AA1A2870EDDA002A299A /* Project object */ = {
			isa = PBXProject;
			attributes = {
				BuildIndependentTargetsInParallel = 1;
				LastUpgradeCheck = 1320;
				TargetAttributes = {
					6DC4AA212870EDDA002A299A = {
						CreatedOnToolsVersion = 13.2.1;
					};
				};
			};
			buildConfigurationList = 6DC4AA1D2870EDDA002A299A /* Build configuration list for PBXProject "CCW" */;
			compatibilityVersion = "Xcode 13.0";
			developmentRegion = en;
			hasScannedForEncodings = 0;
			knownRegions = (
				en,
				Base,
			);
			mainGroup = 6DC4AA192870EDDA002A299A;
			productRefGroup = 6DC4AA232870EDDA002A299A /* Products */;
			projectDirPath = "";
			projectRoot = "";
			targets = (
				6DC4AA212870EDDA002A299A /* CCW */,
			);
		};
/* End PBXProject section */

/* Begin PBXResourcesBuildPhase section */
		6DC4AA202870EDDA002A299A /* Resources */ = {
			isa = PBXResourcesBuildPhase;
			buildActionMask = 2147483647;
			files = (
				6DC4AA4828712424002A299A /* FourthViewController.xib in Resources */,
				6D408AB528722A960042FD2C /* Images.xcassets in Resources */,
				6DC4AA352870EDDA002A299A /* LaunchScreen.storyboard in Resources */,
				6DC4AA322870EDDA002A299A /* Assets.xcassets in Resources */,
				6DC4AA302870EDDA002A299A /* Main.storyboard in Resources */,
			);
			runOnlyForDeploymentPostprocessing = 0;
		};
/* End PBXResourcesBuildPhase section */

/* Begin PBXSourcesBuildPhase section */
		6DC4AA1E2870EDDA002A299A /* Sources */ = {
			isa = PBXSourcesBuildPhase;
			buildActionMask = 2147483647;
			files = (
				6D408AAE2871F28A0042FD2C /* FifthViewController.m in Sources */,
				6DC4AA402871204F002A299A /* SecondViewController.m in Sources */,
				6DC4AA2D2870EDDA002A299A /* ViewController.m in Sources */,
				6DC4AA4328712061002A299A /* ThirdViewController.m in Sources */,
				6DC4AA272870EDDA002A299A /* AppDelegate.m in Sources */,
				6D408AB12871F2A00042FD2C /* SixthViewController.m in Sources */,
				6DC4AA382870EDDA002A299A /* main.m in Sources */,
				6DC4AA4728712424002A299A /* FourthViewController.m in Sources */,
				6DC4AA2A2870EDDA002A299A /* SceneDelegate.m in Sources */,
			);
			runOnlyForDeploymentPostprocessing = 0;
		};
/* End PBXSourcesBuildPhase section */

/* Begin PBXVariantGroup section */
		6DC4AA2E2870EDDA002A299A /* Main.storyboard */ = {
			isa = PBXVariantGroup;
			children = (
				6DC4AA2F2870EDDA002A299A /* Base */,
			);
			name = Main.storyboard;
			sourceTree = "<group>";
		};
		6DC4AA332870EDDA002A299A /* LaunchScreen.storyboard */ = {
			isa = PBXVariantGroup;
			children = (
				6DC4AA342870EDDA002A299A /* Base */,
			);
			name = LaunchScreen.storyboard;
			sourceTree = "<group>";
		};
/* End PBXVariantGroup section */

/* Begin XCBuildConfiguration section */
		6DC4AA392870EDDA002A299A /* Debug */ = {
			isa = XCBuildConfiguration;
			buildSettings = {
				ALWAYS_SEARCH_USER_PATHS = NO;
				CLANG_ANALYZER_NONNULL = YES;
				CLANG_ANALYZER_NUMBER_OBJECT_CONVERSION = YES_AGGRESSIVE;
				CLANG_CXX_LANGUAGE_STANDARD = "gnu++17";
				CLANG_CXX_LIBRARY = "libc++";
				CLANG_ENABLE_MODULES = YES;
				CLANG_ENABLE_OBJC_ARC = YES;
				CLANG_ENABLE_OBJC_WEAK = YES;
				CLANG_WARN_BLOCK_CAPTURE_AUTORELEASING = YES;
				CLANG_WARN_BOOL_CONVERSION = YES;
				CLANG_WARN_COMMA = YES;
				CLANG_WARN_CONSTANT_CONVERSION = YES;
				CLANG_WARN_DEPRECATED_OBJC_IMPLEMENTATIONS = YES;
				CLANG_WARN_DIRECT_OBJC_ISA_USAGE = YES_ERROR;
				CLANG_WARN_DOCUMENTATION_COMMENTS = YES;
				CLANG_WARN_EMPTY_BODY = YES;
				CLANG_WARN_ENUM_CONVERSION = YES;
				CLANG_WARN_INFINITE_RECURSION = YES;
				CLANG_WARN_INT_CONVERSION = YES;
				CLANG_WARN_NON_LITERAL_NULL_CONVERSION = YES;
				CLANG_WARN_OBJC_IMPLICIT_RETAIN_SELF = YES;
				CLANG_WARN_OBJC_LITERAL_CONVERSION = YES;
				CLANG_WARN_OBJC_ROOT_CLASS = YES_ERROR;
				CLANG_WARN_QUOTED_INCLUDE_IN_FRAMEWORK_HEADER = YES;
				CLANG_WARN_RANGE_LOOP_ANALYSIS = YES;
				CLANG_WARN_STRICT_PROTOTYPES = YES;
				CLANG_WARN_SUSPICIOUS_MOVE = YES;
				CLANG_WARN_UNGUARDED_AVAILABILITY = YES_AGGRESSIVE;
				CLANG_WARN_UNREACHABLE_CODE = YES;
				CLANG_WARN__DUPLICATE_METHOD_MATCH = YES;
				COPY_PHASE_STRIP = NO;
				DEBUG_INFORMATION_FORMAT = dwarf;
				ENABLE_STRICT_OBJC_MSGSEND = YES;
				ENABLE_TESTABILITY = YES;
				GCC_C_LANGUAGE_STANDARD = gnu11;
				GCC_DYNAMIC_NO_PIC = NO;
				GCC_NO_COMMON_BLOCKS = YES;
				GCC_OPTIMIZATION_LEVEL = 0;
				GCC_PREPROCESSOR_DEFINITIONS = (
					"DEBUG=1",
					"$(inherited)",
				);
				GCC_WARN_64_TO_32_BIT_CONVERSION = YES;
				GCC_WARN_ABOUT_RETURN_TYPE = YES_ERROR;
				GCC_WARN_UNDECLARED_SELECTOR = YES;
				GCC_WARN_UNINITIALIZED_AUTOS = YES_AGGRESSIVE;
				GCC_WARN_UNUSED_FUNCTION = YES;
				GCC_WARN_UNUSED_VARIABLE = YES;
				IPHONEOS_DEPLOYMENT_TARGET = 15.2;
				MTL_ENABLE_DEBUG_INFO = INCLUDE_SOURCE;
				MTL_FAST_MATH = YES;
				ONLY_ACTIVE_ARCH = YES;
				SDKROOT = iphoneos;
			};
			name = Debug;
		};
		6DC4AA3A2870EDDA002A299A /* Release */ = {
			isa = XCBuildConfiguration;
			buildSettings = {
				ALWAYS_SEARCH_USER_PATHS = NO;
				CLANG_ANALYZER_NONNULL = YES;
				CLANG_ANALYZER_NUMBER_OBJECT_CONVERSION = YES_AGGRESSIVE;
				CLANG_CXX_LANGUAGE_STANDARD = "gnu++17";
				CLANG_CXX_LIBRARY = "libc++";
				CLANG_ENABLE_MODULES = YES;
				CLANG_ENABLE_OBJC_ARC = YES;
				CLANG_ENABLE_OBJC_WEAK = YES;
				CLANG_WARN_BLOCK_CAPTURE_AUTORELEASING = YES;
				CLANG_WARN_BOOL_CONVERSION = YES;
				CLANG_WARN_COMMA = YES;
				CLANG_WARN_CONSTANT_CONVERSION = YES;
				CLANG_WARN_DEPRECATED_OBJC_IMPLEMENTATIONS = YES;
				CLANG_WARN_DIRECT_OBJC_ISA_USAGE = YES_ERROR;
				CLANG_WARN_DOCUMENTATION_COMMENTS = YES;
				CLANG_WARN_EMPTY_BODY = YES;
				CLANG_WARN_ENUM_CONVERSION = YES;
				CLANG_WARN_INFINITE_RECURSION = YES;
				CLANG_WARN_INT_CONVERSION = YES;
				CLANG_WARN_NON_LITERAL_NULL_CONVERSION = YES;
				CLANG_WARN_OBJC_IMPLICIT_RETAIN_SELF = YES;
				CLANG_WARN_OBJC_LITERAL_CONVERSION = YES;
				CLANG_WARN_OBJC_ROOT_CLASS = YES_ERROR;
				CLANG_WARN_QUOTED_INCLUDE_IN_FRAMEWORK_HEADER = YES;
				CLANG_WARN_RANGE_LOOP_ANALYSIS = YES;
				CLANG_WARN_STRICT_PROTOTYPES = YES;
				CLANG_WARN_SUSPICIOUS_MOVE = YES;
				CLANG_WARN_UNGUARDED_AVAILABILITY = YES_AGGRESSIVE;
				CLANG_WARN_UNREACHABLE_CODE = YES;
				CLANG_WARN__DUPLICATE_METHOD_MATCH = YES;
				COPY_PHASE_STRIP = NO;
				DEBUG_INFORMATION_FORMAT = "dwarf-with-dsym";
				ENABLE_NS_ASSERTIONS = NO;
				ENABLE_STRICT_OBJC_MSGSEND = YES;
				GCC_C_LANGUAGE_STANDARD = gnu11;
				GCC_NO_COMMON_BLOCKS = YES;
				GCC_WARN_64_TO_32_BIT_CONVERSION = YES;
				GCC_WARN_ABOUT_RETURN_TYPE = YES_ERROR;
				GCC_WARN_UNDECLARED_SELECTOR = YES;
				GCC_WARN_UNINITIALIZED_AUTOS = YES_AGGRESSIVE;
				GCC_WARN_UNUSED_FUNCTION = YES;
				GCC_WARN_UNUSED_VARIABLE = YES;
				IPHONEOS_DEPLOYMENT_TARGET = 15.2;
				MTL_ENABLE_DEBUG_INFO = NO;
				MTL_FAST_MATH = YES;
				SDKROOT = iphoneos;
				VALIDATE_PRODUCT = YES;
			};
			name = Release;
		};
		6DC4AA3C2870EDDA002A299A /* Debug */ = {
			isa = XCBuildConfiguration;
			buildSettings = {
				ASSETCATALOG_COMPILER_APPICON_NAME = AppIcon;
				ASSETCATALOG_COMPILER_GLOBAL_ACCENT_COLOR_NAME = AccentColor;
				CODE_SIGN_IDENTITY = "Apple Development";
				CODE_SIGN_STYLE = Automatic;
				CURRENT_PROJECT_VERSION = 1;
				DEVELOPMENT_TEAM = HBS8W8652B;
				GENERATE_INFOPLIST_FILE = YES;
				INFOPLIST_FILE = "CCW app/Info.plist";
				INFOPLIST_KEY_CFBundleDisplayName = CCW;
				INFOPLIST_KEY_UIApplicationSupportsIndirectInputEvents = YES;
				INFOPLIST_KEY_UILaunchStoryboardName = LaunchScreen;
				INFOPLIST_KEY_UIMainStoryboardFile = Main;
				INFOPLIST_KEY_UIStatusBarHidden = NO;
				INFOPLIST_KEY_UISupportedInterfaceOrientations_iPad = "UIInterfaceOrientationPortrait UIInterfaceOrientationPortraitUpsideDown UIInterfaceOrientationLandscapeLeft UIInterfaceOrientationLandscapeRight";
				INFOPLIST_KEY_UISupportedInterfaceOrientations_iPhone = "UIInterfaceOrientationPortrait UIInterfaceOrientationLandscapeLeft UIInterfaceOrientationLandscapeRight";
				LD_RUNPATH_SEARCH_PATHS = (
					"$(inherited)",
					"@executable_path/Frameworks",
				);
				MARKETING_VERSION = 1.0;
				PRODUCT_BUNDLE_IDENTIFIER = com.michael.balsa.CCW;
				PRODUCT_NAME = "$(TARGET_NAME)";
				PROVISIONING_PROFILE_SPECIFIER = "";
				SWIFT_EMIT_LOC_STRINGS = YES;
				TARGETED_DEVICE_FAMILY = "1,2";
			};
			name = Debug;
		};
		6DC4AA3D2870EDDA002A299A /* Release */ = {
			isa = XCBuildConfiguration;
			buildSettings = {
				ASSETCATALOG_COMPILER_APPICON_NAME = AppIcon;
				ASSETCATALOG_COMPILER_GLOBAL_ACCENT_COLOR_NAME = AccentColor;
				CODE_SIGN_IDENTITY = "Apple Development";
				CODE_SIGN_STYLE = Automatic;
				CURRENT_PROJECT_VERSION = 1;
				DEVELOPMENT_TEAM = HBS8W8652B;
				GENERATE_INFOPLIST_FILE = YES;
				INFOPLIST_FILE = "CCW app/Info.plist";
				INFOPLIST_KEY_CFBundleDisplayName = CCW;
				INFOPLIST_KEY_UIApplicationSupportsIndirectInputEvents = YES;
				INFOPLIST_KEY_UILaunchStoryboardName = LaunchScreen;
				INFOPLIST_KEY_UIMainStoryboardFile = Main;
				INFOPLIST_KEY_UIStatusBarHidden = NO;
				INFOPLIST_KEY_UISupportedInterfaceOrientations_iPad = "UIInterfaceOrientationPortrait UIInterfaceOrientationPortraitUpsideDown UIInterfaceOrientationLandscapeLeft UIInterfaceOrientationLandscapeRight";
				INFOPLIST_KEY_UISupportedInterfaceOrientations_iPhone = "UIInterfaceOrientationPortrait UIInterfaceOrientationLandscapeLeft UIInterfaceOrientationLandscapeRight";
				LD_RUNPATH_SEARCH_PATHS = (
					"$(inherited)",
					"@executable_path/Frameworks",
				);
				MARKETING_VERSION = 1.0;
				PRODUCT_BUNDLE_IDENTIFIER = com.michael.balsa.CCW;
				PRODUCT_NAME = "$(TARGET_NAME)";
				PROVISIONING_PROFILE_SPECIFIER = "";
				SWIFT_EMIT_LOC_STRINGS = YES;
				TARGETED_DEVICE_FAMILY = "1,2";
			};
			name = Release;
		};
/* End XCBuildConfiguration section */

/* Begin XCConfigurationList section */
		6DC4AA1D2870EDDA002A299A /* Build configuration list for PBXProject "CCW" */ = {
			isa = XCConfigurationList;
			buildConfigurations = (
				6DC4AA392870EDDA002A299A /* Debug */,
				6DC4AA3A2870EDDA002A299A /* Release */,
			);
			defaultConfigurationIsVisible = 0;
			defaultConfigurationName = Release;
		};
		6DC4AA3B2870EDDA002A299A /* Build configuration list for PBXNativeTarget "CCW" */ = {
			isa = XCConfigurationList;
			buildConfigurations = (
				6DC4AA3C2870EDDA002A299A /* Debug */,
				6DC4AA3D2870EDDA002A299A /* Release */,
			);
			defaultConfigurationIsVisible = 0;
			defaultConfigurationName = Release;
		};
/* End XCConfigurationList section */
	};
	rootObject = 6DC4AA1A2870EDDA002A299A /* Project object */;
}
